// !$*UTF8*$!
{
	archiveVersion = 1;
	classes = {
	};
	objectVersion = 63;
	objects = {

/* Begin PBXBuildFile section */
		080E6DEB2CECCE67002A4FD2 /* AlbumsServices.swift in Sources */ = {isa = PBXBuildFile; fileRef = 080E6DEA2CECCE67002A4FD2 /* AlbumsServices.swift */; };
		080E6DED2CECCE70002A4FD2 /* AlbumsModel.swift in Sources */ = {isa = PBXBuildFile; fileRef = 080E6DEC2CECCE70002A4FD2 /* AlbumsModel.swift */; };
		080E6DEF2CECCE79002A4FD2 /* AlbumsEndPoint.swift in Sources */ = {isa = PBXBuildFile; fileRef = 080E6DEE2CECCE79002A4FD2 /* AlbumsEndPoint.swift */; };
		084768C92CEBDFD900898F26 /* imagesCollectionViewCell.swift in Sources */ = {isa = PBXBuildFile; fileRef = 084768C72CEBDFD900898F26 /* imagesCollectionViewCell.swift */; };
		084768CA2CEBDFD900898F26 /* imagesCollectionViewCell.xib in Resources */ = {isa = PBXBuildFile; fileRef = 084768C82CEBDFD900898F26 /* imagesCollectionViewCell.xib */; };
		084768CD2CEBE3DC00898F26 /* Moya in Frameworks */ = {isa = PBXBuildFile; productRef = 084768CC2CEBE3DC00898F26 /* Moya */; };
		084768CF2CEBE4A700898F26 /* CombineMoya in Frameworks */ = {isa = PBXBuildFile; productRef = 084768CE2CEBE4A700898F26 /* CombineMoya */; };
		084768D82CEBE5A700898F26 /* UserEndPoint.swift in Sources */ = {isa = PBXBuildFile; fileRef = 084768D72CEBE5A700898F26 /* UserEndPoint.swift */; };
		084768DA2CEBE5AE00898F26 /* UserModel.swift in Sources */ = {isa = PBXBuildFile; fileRef = 084768D92CEBE5AE00898F26 /* UserModel.swift */; };
		084768DC2CEBE5B900898F26 /* UserServices.swift in Sources */ = {isa = PBXBuildFile; fileRef = 084768DB2CEBE5B900898F26 /* UserServices.swift */; };
		084768E02CEBE93200898F26 /* Constants.swift in Sources */ = {isa = PBXBuildFile; fileRef = 084768DF2CEBE93200898F26 /* Constants.swift */; };
		084768E22CEBEB2A00898F26 /* ProfileViewModel.swift in Sources */ = {isa = PBXBuildFile; fileRef = 084768E12CEBEB2A00898F26 /* ProfileViewModel.swift */; };
		084768E52CEC27C500898F26 /* CombineCocoa in Frameworks */ = {isa = PBXBuildFile; productRef = 084768E42CEC27C500898F26 /* CombineCocoa */; };
		084768E72CEC2B0100898F26 /*  UIViewController+Loader.swift in Sources */ = {isa = PBXBuildFile; fileRef = 084768E62CEC2B0100898F26 /*  UIViewController+Loader.swift */; };
		084768EB2CEC2EC900898F26 /* AlertManager.swift in Sources */ = {isa = PBXBuildFile; fileRef = 084768EA2CEC2EC900898F26 /* AlertManager.swift */; };
		086083A42CEBBD8A000A4FFB /* AppDelegate.swift in Sources */ = {isa = PBXBuildFile; fileRef = 086083A32CEBBD8A000A4FFB /* AppDelegate.swift */; };
		086083A62CEBBD8A000A4FFB /* SceneDelegate.swift in Sources */ = {isa = PBXBuildFile; fileRef = 086083A52CEBBD8A000A4FFB /* SceneDelegate.swift */; };
		086083B02CEBBD8D000A4FFB /* Assets.xcassets in Resources */ = {isa = PBXBuildFile; fileRef = 086083AF2CEBBD8D000A4FFB /* Assets.xcassets */; };
		086083B32CEBBD8D000A4FFB /* LaunchScreen.storyboard in Resources */ = {isa = PBXBuildFile; fileRef = 086083B12CEBBD8D000A4FFB /* LaunchScreen.storyboard */; };
		086083BF2CEBBFBA000A4FFB /* ProfileViewController.swift in Sources */ = {isa = PBXBuildFile; fileRef = 086083BD2CEBBFBA000A4FFB /* ProfileViewController.swift */; };
		086083C02CEBBFBA000A4FFB /* ProfileViewController.xib in Resources */ = {isa = PBXBuildFile; fileRef = 086083BE2CEBBFBA000A4FFB /* ProfileViewController.xib */; };
		086084152CEBCEA0000A4FFB /* GFNavigationController.swift in Sources */ = {isa = PBXBuildFile; fileRef = 086084142CEBCEA0000A4FFB /* GFNavigationController.swift */; };
		086084222CEBD61B000A4FFB /* AlbumDetailsViewController.swift in Sources */ = {isa = PBXBuildFile; fileRef = 086084202CEBD61B000A4FFB /* AlbumDetailsViewController.swift */; };
		086084232CEBD61B000A4FFB /* AlbumDetailsViewController.xib in Resources */ = {isa = PBXBuildFile; fileRef = 086084212CEBD61B000A4FFB /* AlbumDetailsViewController.xib */; };
		086084262CEBDCEF000A4FFB /* AlbumDetailsTableViewCell.swift in Sources */ = {isa = PBXBuildFile; fileRef = 086084242CEBDCEF000A4FFB /* AlbumDetailsTableViewCell.swift */; };
		086084272CEBDCEF000A4FFB /* AlbumDetailsTableViewCell.xib in Resources */ = {isa = PBXBuildFile; fileRef = 086084252CEBDCEF000A4FFB /* AlbumDetailsTableViewCell.xib */; };
		08AFF8522CEE3E7E00615615 /* ImageViewerViewController.swift in Sources */ = {isa = PBXBuildFile; fileRef = 08AFF8502CEE3E7E00615615 /* ImageViewerViewController.swift */; };
		08AFF8532CEE3E7E00615615 /* ImageViewerViewController.xib in Resources */ = {isa = PBXBuildFile; fileRef = 08AFF8512CEE3E7E00615615 /* ImageViewerViewController.xib */; };
		08AFF8562CEE426600615615 /* ImageViewerViewModel.swift in Sources */ = {isa = PBXBuildFile; fileRef = 08AFF8552CEE426600615615 /* ImageViewerViewModel.swift */; };
		08AFF8582CEE4B0E00615615 /* UIView+Extensions.swift in Sources */ = {isa = PBXBuildFile; fileRef = 08AFF8572CEE4B0E00615615 /* UIView+Extensions.swift */; };
		08E46EA52CED271000900F66 /* ImagesEndPoint.swift in Sources */ = {isa = PBXBuildFile; fileRef = 08E46EA42CED271000900F66 /* ImagesEndPoint.swift */; };
		08E46EA92CED272200900F66 /* ImagedModel.swift in Sources */ = {isa = PBXBuildFile; fileRef = 08E46EA82CED272200900F66 /* ImagedModel.swift */; };
		08E46EAB2CED273800900F66 /* ImagesServices.swift in Sources */ = {isa = PBXBuildFile; fileRef = 08E46EAA2CED273800900F66 /* ImagesServices.swift */; };
		08E46EAD2CED2AED00900F66 /* AlbumsDetailsViewModel.swift in Sources */ = {isa = PBXBuildFile; fileRef = 08E46EAC2CED2AED00900F66 /* AlbumsDetailsViewModel.swift */; };
		08E46EB02CED2CA900900F66 /* Kingfisher in Frameworks */ = {isa = PBXBuildFile; productRef = 08E46EAF2CED2CA900900F66 /* Kingfisher */; };
		08E46EB22CED2CEA00900F66 /* String+Extensions.swift in Sources */ = {isa = PBXBuildFile; fileRef = 08E46EB12CED2CEA00900F66 /* String+Extensions.swift */; };
		6B75F1272D71FA7700F6F1B8 /* Main.storyboard in Resources */ = {isa = PBXBuildFile; fileRef = 6B75F1262D71FA7700F6F1B8 /* Main.storyboard */; };
/* End PBXBuildFile section */

/* Begin PBXFileReference section */
		080E6DEA2CECCE67002A4FD2 /* AlbumsServices.swift */ = {isa = PBXFileReference; lastKnownFileType = sourcecode.swift; path = AlbumsServices.swift; sourceTree = "<group>"; };
		080E6DEC2CECCE70002A4FD2 /* AlbumsModel.swift */ = {isa = PBXFileReference; lastKnownFileType = sourcecode.swift; path = AlbumsModel.swift; sourceTree = "<group>"; };
		080E6DEE2CECCE79002A4FD2 /* AlbumsEndPoint.swift */ = {isa = PBXFileReference; lastKnownFileType = sourcecode.swift; path = AlbumsEndPoint.swift; sourceTree = "<group>"; };
		084768C72CEBDFD900898F26 /* imagesCollectionViewCell.swift */ = {isa = PBXFileReference; lastKnownFileType = sourcecode.swift; path = imagesCollectionViewCell.swift; sourceTree = "<group>"; };
		084768C82CEBDFD900898F26 /* imagesCollectionViewCell.xib */ = {isa = PBXFileReference; lastKnownFileType = file.xib; path = imagesCollectionViewCell.xib; sourceTree = "<group>"; };
		084768D72CEBE5A700898F26 /* UserEndPoint.swift */ = {isa = PBXFileReference; lastKnownFileType = sourcecode.swift; path = UserEndPoint.swift; sourceTree = "<group>"; };
		084768D92CEBE5AE00898F26 /* UserModel.swift */ = {isa = PBXFileReference; lastKnownFileType = sourcecode.swift; path = UserModel.swift; sourceTree = "<group>"; };
		084768DB2CEBE5B900898F26 /* UserServices.swift */ = {isa = PBXFileReference; lastKnownFileType = sourcecode.swift; path = UserServices.swift; sourceTree = "<group>"; };
		084768DF2CEBE93200898F26 /* Constants.swift */ = {isa = PBXFileReference; lastKnownFileType = sourcecode.swift; path = Constants.swift; sourceTree = "<group>"; };
		084768E12CEBEB2A00898F26 /* ProfileViewModel.swift */ = {isa = PBXFileReference; lastKnownFileType = sourcecode.swift; path = ProfileViewModel.swift; sourceTree = "<group>"; };
		084768E62CEC2B0100898F26 /*  UIViewController+Loader.swift */ = {isa = PBXFileReference; lastKnownFileType = sourcecode.swift; path = " UIViewController+Loader.swift"; sourceTree = "<group>"; };
		084768EA2CEC2EC900898F26 /* AlertManager.swift */ = {isa = PBXFileReference; lastKnownFileType = sourcecode.swift; path = AlertManager.swift; sourceTree = "<group>"; };
		086083A02CEBBD8A000A4FFB /* Bosta iOS Task.app */ = {isa = PBXFileReference; explicitFileType = wrapper.application; includeInIndex = 0; path = "Bosta iOS Task.app"; sourceTree = BUILT_PRODUCTS_DIR; };
		086083A32CEBBD8A000A4FFB /* AppDelegate.swift */ = {isa = PBXFileReference; lastKnownFileType = sourcecode.swift; path = AppDelegate.swift; sourceTree = "<group>"; };
		086083A52CEBBD8A000A4FFB /* SceneDelegate.swift */ = {isa = PBXFileReference; lastKnownFileType = sourcecode.swift; path = SceneDelegate.swift; sourceTree = "<group>"; };
		086083AF2CEBBD8D000A4FFB /* Assets.xcassets */ = {isa = PBXFileReference; lastKnownFileType = folder.assetcatalog; path = Assets.xcassets; sourceTree = "<group>"; };
		086083B22CEBBD8D000A4FFB /* Base */ = {isa = PBXFileReference; lastKnownFileType = file.storyboard; name = Base; path = Base.lproj/LaunchScreen.storyboard; sourceTree = "<group>"; };
		086083B42CEBBD8D000A4FFB /* Info.plist */ = {isa = PBXFileReference; lastKnownFileType = text.plist.xml; path = Info.plist; sourceTree = "<group>"; };
		086083BD2CEBBFBA000A4FFB /* ProfileViewController.swift */ = {isa = PBXFileReference; lastKnownFileType = sourcecode.swift; path = ProfileViewController.swift; sourceTree = "<group>"; };
		086083BE2CEBBFBA000A4FFB /* ProfileViewController.xib */ = {isa = PBXFileReference; lastKnownFileType = file.xib; path = ProfileViewController.xib; sourceTree = "<group>"; };
		086084142CEBCEA0000A4FFB /* GFNavigationController.swift */ = {isa = PBXFileReference; lastKnownFileType = sourcecode.swift; path = GFNavigationController.swift; sourceTree = "<group>"; };
		086084202CEBD61B000A4FFB /* AlbumDetailsViewController.swift */ = {isa = PBXFileReference; lastKnownFileType = sourcecode.swift; path = AlbumDetailsViewController.swift; sourceTree = "<group>"; };
		086084212CEBD61B000A4FFB /* AlbumDetailsViewController.xib */ = {isa = PBXFileReference; lastKnownFileType = file.xib; path = AlbumDetailsViewController.xib; sourceTree = "<group>"; };
		086084242CEBDCEF000A4FFB /* AlbumDetailsTableViewCell.swift */ = {isa = PBXFileReference; lastKnownFileType = sourcecode.swift; path = AlbumDetailsTableViewCell.swift; sourceTree = "<group>"; };
		086084252CEBDCEF000A4FFB /* AlbumDetailsTableViewCell.xib */ = {isa = PBXFileReference; lastKnownFileType = file.xib; path = AlbumDetailsTableViewCell.xib; sourceTree = "<group>"; };
		08AFF8502CEE3E7E00615615 /* ImageViewerViewController.swift */ = {isa = PBXFileReference; lastKnownFileType = sourcecode.swift; path = ImageViewerViewController.swift; sourceTree = "<group>"; };
		08AFF8512CEE3E7E00615615 /* ImageViewerViewController.xib */ = {isa = PBXFileReference; lastKnownFileType = file.xib; path = ImageViewerViewController.xib; sourceTree = "<group>"; };
		08AFF8552CEE426600615615 /* ImageViewerViewModel.swift */ = {isa = PBXFileReference; lastKnownFileType = sourcecode.swift; path = ImageViewerViewModel.swift; sourceTree = "<group>"; };
		08AFF8572CEE4B0E00615615 /* UIView+Extensions.swift */ = {isa = PBXFileReference; lastKnownFileType = sourcecode.swift; path = "UIView+Extensions.swift"; sourceTree = "<group>"; };
		08E46EA42CED271000900F66 /* ImagesEndPoint.swift */ = {isa = PBXFileReference; lastKnownFileType = sourcecode.swift; path = ImagesEndPoint.swift; sourceTree = "<group>"; };
		08E46EA82CED272200900F66 /* ImagedModel.swift */ = {isa = PBXFileReference; lastKnownFileType = sourcecode.swift; path = ImagedModel.swift; sourceTree = "<group>"; };
		08E46EAA2CED273800900F66 /* ImagesServices.swift */ = {isa = PBXFileReference; lastKnownFileType = sourcecode.swift; path = ImagesServices.swift; sourceTree = "<group>"; };
		08E46EAC2CED2AED00900F66 /* AlbumsDetailsViewModel.swift */ = {isa = PBXFileReference; lastKnownFileType = sourcecode.swift; path = AlbumsDetailsViewModel.swift; sourceTree = "<group>"; };
		08E46EB12CED2CEA00900F66 /* String+Extensions.swift */ = {isa = PBXFileReference; lastKnownFileType = sourcecode.swift; path = "String+Extensions.swift"; sourceTree = "<group>"; };
		6B75F1262D71FA7700F6F1B8 /* Main.storyboard */ = {isa = PBXFileReference; lastKnownFileType = file.storyboard; path = Main.storyboard; sourceTree = "<group>"; };
/* End PBXFileReference section */

/* Begin PBXFrameworksBuildPhase section */
		0860839D2CEBBD8A000A4FFB /* Frameworks */ = {
			isa = PBXFrameworksBuildPhase;
			buildActionMask = 2147483647;
			files = (
				08E46EB02CED2CA900900F66 /* Kingfisher in Frameworks */,
				084768CF2CEBE4A700898F26 /* CombineMoya in Frameworks */,
				084768E52CEC27C500898F26 /* CombineCocoa in Frameworks */,
				084768CD2CEBE3DC00898F26 /* Moya in Frameworks */,
			);
			runOnlyForDeploymentPostprocessing = 0;
		};
/* End PBXFrameworksBuildPhase section */

/* Begin PBXGroup section */
		080E6DE72CECCE41002A4FD2 /* Services */ = {
			isa = PBXGroup;
			children = (
				080E6DEA2CECCE67002A4FD2 /* AlbumsServices.swift */,
			);
			path = Services;
			sourceTree = "<group>";
		};
		080E6DE82CECCE46002A4FD2 /* Model */ = {
			isa = PBXGroup;
			children = (
				080E6DEC2CECCE70002A4FD2 /* AlbumsModel.swift */,
			);
			path = Model;
			sourceTree = "<group>";
		};
		080E6DE92CECCE4B002A4FD2 /* EndPoint */ = {
			isa = PBXGroup;
			children = (
				080E6DEE2CECCE79002A4FD2 /* AlbumsEndPoint.swift */,
			);
			path = EndPoint;
			sourceTree = "<group>";
		};
		084768C62CEBDFA000898F26 /* Cell */ = {
			isa = PBXGroup;
			children = (
				084768C72CEBDFD900898F26 /* imagesCollectionViewCell.swift */,
				084768C82CEBDFD900898F26 /* imagesCollectionViewCell.xib */,
			);
			path = Cell;
			sourceTree = "<group>";
		};
		084768D02CEBE54800898F26 /* Services */ = {
			isa = PBXGroup;
			children = (
				084768D12CEBE55200898F26 /* User */,
				084768D22CEBE56700898F26 /* Albums */,
				084768D32CEBE56D00898F26 /* Images */,
			);
			path = Services;
			sourceTree = "<group>";
		};
		084768D12CEBE55200898F26 /* User */ = {
			isa = PBXGroup;
			children = (
				084768D62CEBE58C00898F26 /* Services */,
				084768D52CEBE58800898F26 /* Model */,
				084768D42CEBE58000898F26 /* EndPoint */,
			);
			path = User;
			sourceTree = "<group>";
		};
		084768D22CEBE56700898F26 /* Albums */ = {
			isa = PBXGroup;
			children = (
				080E6DE72CECCE41002A4FD2 /* Services */,
				080E6DE82CECCE46002A4FD2 /* Model */,
				080E6DE92CECCE4B002A4FD2 /* EndPoint */,
			);
			path = Albums;
			sourceTree = "<group>";
		};
		084768D32CEBE56D00898F26 /* Images */ = {
			isa = PBXGroup;
			children = (
				08E46EA12CED26F300900F66 /* Services */,
				08E46EA22CED26FC00900F66 /* Model */,
				08E46EA32CED270100900F66 /* EndPoint */,
			);
			path = Images;
			sourceTree = "<group>";
		};
		084768D42CEBE58000898F26 /* EndPoint */ = {
			isa = PBXGroup;
			children = (
				084768D72CEBE5A700898F26 /* UserEndPoint.swift */,
			);
			path = EndPoint;
			sourceTree = "<group>";
		};
		084768D52CEBE58800898F26 /* Model */ = {
			isa = PBXGroup;
			children = (
				084768D92CEBE5AE00898F26 /* UserModel.swift */,
			);
			path = Model;
			sourceTree = "<group>";
		};
		084768D62CEBE58C00898F26 /* Services */ = {
			isa = PBXGroup;
			children = (
				084768DB2CEBE5B900898F26 /* UserServices.swift */,
			);
			path = Services;
			sourceTree = "<group>";
		};
		084768DD2CEBE8F400898F26 /* Constants */ = {
			isa = PBXGroup;
			children = (
				084768DF2CEBE93200898F26 /* Constants.swift */,
			);
			path = Constants;
			sourceTree = "<group>";
		};
		084768DE2CEBE91E00898F26 /* Network */ = {
			isa = PBXGroup;
			children = (
				084768DD2CEBE8F400898F26 /* Constants */,
				084768D02CEBE54800898F26 /* Services */,
			);
			path = Network;
			sourceTree = "<group>";
		};
		084768E82CEC2EB000898F26 /* Helpers */ = {
			isa = PBXGroup;
			children = (
				084768E92CEC2EB900898F26 /* Alert */,
			);
			path = Helpers;
			sourceTree = "<group>";
		};
		084768E92CEC2EB900898F26 /* Alert */ = {
			isa = PBXGroup;
			children = (
				084768EA2CEC2EC900898F26 /* AlertManager.swift */,
			);
			path = Alert;
			sourceTree = "<group>";
		};
		086083972CEBBD8A000A4FFB = {
			isa = PBXGroup;
			children = (
				086083BB2CEBBDB6000A4FFB /* Bosta_Task */,
				086083A12CEBBD8A000A4FFB /* Products */,
			);
			sourceTree = "<group>";
		};
		086083A12CEBBD8A000A4FFB /* Products */ = {
			isa = PBXGroup;
			children = (
				086083A02CEBBD8A000A4FFB /* Bosta iOS Task.app */,
			);
			name = Products;
			sourceTree = "<group>";
		};
		086083BB2CEBBDB6000A4FFB /* Bosta_Task */ = {
			isa = PBXGroup;
			children = (
				6B75F1252D71F8D100F6F1B8 /* StoryBoard */,
				6B75F1242D71F88600F6F1B8 /* Resources */,
				084768DE2CEBE91E00898F26 /* Network */,
				084768E82CEC2EB000898F26 /* Helpers */,
				0860841B2CEBD12C000A4FFB /* Extensions */,
				086084122CEBCE80000A4FFB /* Components */,
				0860841A2CEBD113000A4FFB /* Modules */,
				086083B42CEBBD8D000A4FFB /* Info.plist */,
				086083BC2CEBBDEF000A4FFB /* AppConfigurations */,
			);
			path = Bosta_Task;
			sourceTree = "<group>";
		};
		086083BC2CEBBDEF000A4FFB /* AppConfigurations */ = {
			isa = PBXGroup;
			children = (
				086083A32CEBBD8A000A4FFB /* AppDelegate.swift */,
				086083A52CEBBD8A000A4FFB /* SceneDelegate.swift */,
			);
			path = AppConfigurations;
			sourceTree = "<group>";
		};
		086084122CEBCE80000A4FFB /* Components */ = {
			isa = PBXGroup;
			children = (
				086084132CEBCE8C000A4FFB /* GFNavigationController */,
			);
			path = Components;
			sourceTree = "<group>";
		};
		086084132CEBCE8C000A4FFB /* GFNavigationController */ = {
			isa = PBXGroup;
			children = (
				086084142CEBCEA0000A4FFB /* GFNavigationController.swift */,
			);
			path = GFNavigationController;
			sourceTree = "<group>";
		};
		086084162CEBD0DE000A4FFB /* Profile */ = {
			isa = PBXGroup;
			children = (
				086084282CEBDCFA000A4FFB /* Cell */,
				086084172CEBD0ED000A4FFB /* View */,
				086084182CEBD0F2000A4FFB /* ViewModel */,
			);
			path = Profile;
			sourceTree = "<group>";
		};
		086084172CEBD0ED000A4FFB /* View */ = {
			isa = PBXGroup;
			children = (
				086083BD2CEBBFBA000A4FFB /* ProfileViewController.swift */,
				086083BE2CEBBFBA000A4FFB /* ProfileViewController.xib */,
			);
			path = View;
			sourceTree = "<group>";
		};
		086084182CEBD0F2000A4FFB /* ViewModel */ = {
			isa = PBXGroup;
			children = (
				084768E12CEBEB2A00898F26 /* ProfileViewModel.swift */,
			);
			path = ViewModel;
			sourceTree = "<group>";
		};
		0860841A2CEBD113000A4FFB /* Modules */ = {
			isa = PBXGroup;
			children = (
				086084162CEBD0DE000A4FFB /* Profile */,
				08AFF84E2CEE3E0F00615615 /* ImageViewer */,
				0860841C2CEBD5EC000A4FFB /* AlbumDetails */,
			);
			path = Modules;
			sourceTree = "<group>";
		};
		0860841B2CEBD12C000A4FFB /* Extensions */ = {
			isa = PBXGroup;
			children = (
				084768E62CEC2B0100898F26 /*  UIViewController+Loader.swift */,
				08E46EB12CED2CEA00900F66 /* String+Extensions.swift */,
				08AFF8572CEE4B0E00615615 /* UIView+Extensions.swift */,
			);
			path = Extensions;
			sourceTree = "<group>";
		};
		0860841C2CEBD5EC000A4FFB /* AlbumDetails */ = {
			isa = PBXGroup;
			children = (
				084768C62CEBDFA000898F26 /* Cell */,
				0860841D2CEBD5F8000A4FFB /* View */,
				0860841E2CEBD5FE000A4FFB /* ViewModel */,
			);
			path = AlbumDetails;
			sourceTree = "<group>";
		};
		0860841D2CEBD5F8000A4FFB /* View */ = {
			isa = PBXGroup;
			children = (
				086084202CEBD61B000A4FFB /* AlbumDetailsViewController.swift */,
				086084212CEBD61B000A4FFB /* AlbumDetailsViewController.xib */,
			);
			path = View;
			sourceTree = "<group>";
		};
		0860841E2CEBD5FE000A4FFB /* ViewModel */ = {
			isa = PBXGroup;
			children = (
				08E46EAC2CED2AED00900F66 /* AlbumsDetailsViewModel.swift */,
			);
			path = ViewModel;
			sourceTree = "<group>";
		};
		086084282CEBDCFA000A4FFB /* Cell */ = {
			isa = PBXGroup;
			children = (
				086084242CEBDCEF000A4FFB /* AlbumDetailsTableViewCell.swift */,
				086084252CEBDCEF000A4FFB /* AlbumDetailsTableViewCell.xib */,
			);
			path = Cell;
			sourceTree = "<group>";
		};
		08AFF84E2CEE3E0F00615615 /* ImageViewer */ = {
			isa = PBXGroup;
			children = (
				08AFF8542CEE421D00615615 /* ViewModel */,
				08AFF84F2CEE3E2F00615615 /* View */,
			);
			path = ImageViewer;
			sourceTree = "<group>";
		};
		08AFF84F2CEE3E2F00615615 /* View */ = {
			isa = PBXGroup;
			children = (
				08AFF8502CEE3E7E00615615 /* ImageViewerViewController.swift */,
				08AFF8512CEE3E7E00615615 /* ImageViewerViewController.xib */,
			);
			path = View;
			sourceTree = "<group>";
		};
		08AFF8542CEE421D00615615 /* ViewModel */ = {
			isa = PBXGroup;
			children = (
				08AFF8552CEE426600615615 /* ImageViewerViewModel.swift */,
			);
			path = ViewModel;
			sourceTree = "<group>";
		};
		08E46EA12CED26F300900F66 /* Services */ = {
			isa = PBXGroup;
			children = (
				08E46EAA2CED273800900F66 /* ImagesServices.swift */,
			);
			path = Services;
			sourceTree = "<group>";
		};
		08E46EA22CED26FC00900F66 /* Model */ = {
			isa = PBXGroup;
			children = (
				08E46EA82CED272200900F66 /* ImagedModel.swift */,
			);
			path = Model;
			sourceTree = "<group>";
		};
		08E46EA32CED270100900F66 /* EndPoint */ = {
			isa = PBXGroup;
			children = (
				08E46EA42CED271000900F66 /* ImagesEndPoint.swift */,
			);
			path = EndPoint;
			sourceTree = "<group>";
		};
		6B75F1242D71F88600F6F1B8 /* Resources */ = {
			isa = PBXGroup;
			children = (
				086083AF2CEBBD8D000A4FFB /* Assets.xcassets */,
			);
			path = Resources;
			sourceTree = "<group>";
		};
		6B75F1252D71F8D100F6F1B8 /* StoryBoard */ = {
			isa = PBXGroup;
			children = (
				6B75F1262D71FA7700F6F1B8 /* Main.storyboard */,
				086083B12CEBBD8D000A4FFB /* LaunchScreen.storyboard */,
			);
			path = StoryBoard;
			sourceTree = "<group>";
		};
/* End PBXGroup section */

/* Begin PBXNativeTarget section */
		0860839F2CEBBD8A000A4FFB /* Bosta_Task */ = {
			isa = PBXNativeTarget;
			buildConfigurationList = 086083B62CEBBD8D000A4FFB /* Build configuration list for PBXNativeTarget "Bosta_Task" */;
			buildPhases = (
				0860839C2CEBBD8A000A4FFB /* Sources */,
				0860839D2CEBBD8A000A4FFB /* Frameworks */,
				0860839E2CEBBD8A000A4FFB /* Resources */,
			);
			buildRules = (
			);
			dependencies = (
			);
			name = Bosta_Task;
			packageProductDependencies = (
				084768CC2CEBE3DC00898F26 /* Moya */,
				084768CE2CEBE4A700898F26 /* CombineMoya */,
				084768E42CEC27C500898F26 /* CombineCocoa */,
				08E46EAF2CED2CA900900F66 /* Kingfisher */,
			);
			productName = Bosta_Task;
			productReference = 086083A02CEBBD8A000A4FFB /* Bosta iOS Task.app */;
			productType = "com.apple.product-type.application";
		};
/* End PBXNativeTarget section */

/* Begin PBXProject section */
		086083982CEBBD8A000A4FFB /* Project object */ = {
			isa = PBXProject;
			attributes = {
				BuildIndependentTargetsInParallel = 1;
				LastSwiftUpdateCheck = 1610;
				LastUpgradeCheck = 1610;
				TargetAttributes = {
					0860839F2CEBBD8A000A4FFB = {
						CreatedOnToolsVersion = 16.1;
					};
				};
			};
			buildConfigurationList = 0860839B2CEBBD8A000A4FFB /* Build configuration list for PBXProject "Bosta_Task" */;
			compatibilityVersion = "Xcode 13.0";
			developmentRegion = en;
			hasScannedForEncodings = 0;
			knownRegions = (
				en,
				Base,
			);
			mainGroup = 086083972CEBBD8A000A4FFB;
			minimizedProjectReferenceProxies = 1;
			packageReferences = (
				084768CB2CEBE3DC00898F26 /* XCRemoteSwiftPackageReference "Moya" */,
				084768E32CEC27C500898F26 /* XCRemoteSwiftPackageReference "CombineCocoa" */,
				08E46EAE2CED2CA900900F66 /* XCRemoteSwiftPackageReference "Kingfisher" */,
			);
			productRefGroup = 086083A12CEBBD8A000A4FFB /* Products */;
			projectDirPath = "";
			projectRoot = "";
			targets = (
				0860839F2CEBBD8A000A4FFB /* Bosta_Task */,
			);
		};
/* End PBXProject section */

/* Begin PBXResourcesBuildPhase section */
		0860839E2CEBBD8A000A4FFB /* Resources */ = {
			isa = PBXResourcesBuildPhase;
			buildActionMask = 2147483647;
			files = (
				086083B32CEBBD8D000A4FFB /* LaunchScreen.storyboard in Resources */,
				086084232CEBD61B000A4FFB /* AlbumDetailsViewController.xib in Resources */,
				08AFF8532CEE3E7E00615615 /* ImageViewerViewController.xib in Resources */,
				6B75F1272D71FA7700F6F1B8 /* Main.storyboard in Resources */,
				086084272CEBDCEF000A4FFB /* AlbumDetailsTableViewCell.xib in Resources */,
				086083B02CEBBD8D000A4FFB /* Assets.xcassets in Resources */,
				084768CA2CEBDFD900898F26 /* imagesCollectionViewCell.xib in Resources */,
				086083C02CEBBFBA000A4FFB /* ProfileViewController.xib in Resources */,
			);
			runOnlyForDeploymentPostprocessing = 0;
		};
/* End PBXResourcesBuildPhase section */

/* Begin PBXSourcesBuildPhase section */
		0860839C2CEBBD8A000A4FFB /* Sources */ = {
			isa = PBXSourcesBuildPhase;
			buildActionMask = 2147483647;
			files = (
				084768E72CEC2B0100898F26 /*  UIViewController+Loader.swift in Sources */,
				086083A42CEBBD8A000A4FFB /* AppDelegate.swift in Sources */,
				08AFF8582CEE4B0E00615615 /* UIView+Extensions.swift in Sources */,
				084768DC2CEBE5B900898F26 /* UserServices.swift in Sources */,
				084768EB2CEC2EC900898F26 /* AlertManager.swift in Sources */,
				086084152CEBCEA0000A4FFB /* GFNavigationController.swift in Sources */,
				086083BF2CEBBFBA000A4FFB /* ProfileViewController.swift in Sources */,
				08E46EA92CED272200900F66 /* ImagedModel.swift in Sources */,
				080E6DEB2CECCE67002A4FD2 /* AlbumsServices.swift in Sources */,
				086084222CEBD61B000A4FFB /* AlbumDetailsViewController.swift in Sources */,
				08E46EAB2CED273800900F66 /* ImagesServices.swift in Sources */,
				086084262CEBDCEF000A4FFB /* AlbumDetailsTableViewCell.swift in Sources */,
				084768D82CEBE5A700898F26 /* UserEndPoint.swift in Sources */,
				08E46EB22CED2CEA00900F66 /* String+Extensions.swift in Sources */,
				08E46EA52CED271000900F66 /* ImagesEndPoint.swift in Sources */,
				08AFF8562CEE426600615615 /* ImageViewerViewModel.swift in Sources */,
				08AFF8522CEE3E7E00615615 /* ImageViewerViewController.swift in Sources */,
				080E6DED2CECCE70002A4FD2 /* AlbumsModel.swift in Sources */,
				084768C92CEBDFD900898F26 /* imagesCollectionViewCell.swift in Sources */,
				084768DA2CEBE5AE00898F26 /* UserModel.swift in Sources */,
				084768E22CEBEB2A00898F26 /* ProfileViewModel.swift in Sources */,
				08E46EAD2CED2AED00900F66 /* AlbumsDetailsViewModel.swift in Sources */,
				086083A62CEBBD8A000A4FFB /* SceneDelegate.swift in Sources */,
				080E6DEF2CECCE79002A4FD2 /* AlbumsEndPoint.swift in Sources */,
				084768E02CEBE93200898F26 /* Constants.swift in Sources */,
			);
			runOnlyForDeploymentPostprocessing = 0;
		};
/* End PBXSourcesBuildPhase section */

/* Begin PBXVariantGroup section */
		086083B12CEBBD8D000A4FFB /* LaunchScreen.storyboard */ = {
			isa = PBXVariantGroup;
			children = (
				086083B22CEBBD8D000A4FFB /* Base */,
			);
			name = LaunchScreen.storyboard;
			sourceTree = "<group>";
		};
/* End PBXVariantGroup section */

/* Begin XCBuildConfiguration section */
		086083B72CEBBD8D000A4FFB /* Debug */ = {
			isa = XCBuildConfiguration;
			buildSettings = {
				ASSETCATALOG_COMPILER_APPICON_NAME = AppIcon;
				ASSETCATALOG_COMPILER_GLOBAL_ACCENT_COLOR_NAME = AccentColor;
				CODE_SIGN_STYLE = Automatic;
				CURRENT_PROJECT_VERSION = 1;
				DEVELOPMENT_TEAM = 738A487SP4;
				GENERATE_INFOPLIST_FILE = YES;
				INFOPLIST_FILE = Bosta_Task/Info.plist;
				INFOPLIST_KEY_UIApplicationSupportsIndirectInputEvents = YES;
				INFOPLIST_KEY_UILaunchStoryboardName = LaunchScreen;
				INFOPLIST_KEY_UIMainStoryboardFile = Main;
				INFOPLIST_KEY_UISupportedInterfaceOrientations_iPad = "UIInterfaceOrientationPortrait UIInterfaceOrientationPortraitUpsideDown UIInterfaceOrientationLandscapeLeft UIInterfaceOrientationLandscapeRight";
				INFOPLIST_KEY_UISupportedInterfaceOrientations_iPhone = "UIInterfaceOrientationPortrait UIInterfaceOrientationLandscapeLeft UIInterfaceOrientationLandscapeRight";
				IPHONEOS_DEPLOYMENT_TARGET = 15.6;
				LD_RUNPATH_SEARCH_PATHS = (
					"$(inherited)",
					"@executable_path/Frameworks",
				);
				MARKETING_VERSION = 1.0;
				PRODUCT_BUNDLE_IDENTIFIER = "khalid.bosta-iOS-Task";
				PRODUCT_NAME = "Bosta iOS Task";
				SWIFT_EMIT_LOC_STRINGS = YES;
				SWIFT_VERSION = 5.0;
				TARGETED_DEVICE_FAMILY = "1,2";
			};
			name = Debug;
		};
		086083B82CEBBD8D000A4FFB /* Release */ = {
			isa = XCBuildConfiguration;
			buildSettings = {
				ASSETCATALOG_COMPILER_APPICON_NAME = AppIcon;
				ASSETCATALOG_COMPILER_GLOBAL_ACCENT_COLOR_NAME = AccentColor;
				CODE_SIGN_STYLE = Automatic;
				CURRENT_PROJECT_VERSION = 1;
				DEVELOPMENT_TEAM = 738A487SP4;
				GENERATE_INFOPLIST_FILE = YES;
				INFOPLIST_FILE = Bosta_Task/Info.plist;
				INFOPLIST_KEY_UIApplicationSupportsIndirectInputEvents = YES;
				INFOPLIST_KEY_UILaunchStoryboardName = LaunchScreen;
				INFOPLIST_KEY_UIMainStoryboardFile = Main;
				INFOPLIST_KEY_UISupportedInterfaceOrientations_iPad = "UIInterfaceOrientationPortrait UIInterfaceOrientationPortraitUpsideDown UIInterfaceOrientationLandscapeLeft UIInterfaceOrientationLandscapeRight";
				INFOPLIST_KEY_UISupportedInterfaceOrientations_iPhone = "UIInterfaceOrientationPortrait UIInterfaceOrientationLandscapeLeft UIInterfaceOrientationLandscapeRight";
				IPHONEOS_DEPLOYMENT_TARGET = 15.6;
				LD_RUNPATH_SEARCH_PATHS = (
					"$(inherited)",
					"@executable_path/Frameworks",
				);
				MARKETING_VERSION = 1.0;
				PRODUCT_BUNDLE_IDENTIFIER = "khalid.bosta-iOS-Task";
				PRODUCT_NAME = "Bosta iOS Task";
				SWIFT_EMIT_LOC_STRINGS = YES;
				SWIFT_VERSION = 5.0;
				TARGETED_DEVICE_FAMILY = "1,2";
			};
			name = Release;
		};
		086083B92CEBBD8D000A4FFB /* Debug */ = {
			isa = XCBuildConfiguration;
			buildSettings = {
				ALWAYS_SEARCH_USER_PATHS = NO;
				ASSETCATALOG_COMPILER_GENERATE_SWIFT_ASSET_SYMBOL_EXTENSIONS = YES;
				CLANG_ANALYZER_NONNULL = YES;
				CLANG_ANALYZER_NUMBER_OBJECT_CONVERSION = YES_AGGRESSIVE;
				CLANG_CXX_LANGUAGE_STANDARD = "gnu++20";
				CLANG_ENABLE_MODULES = YES;
				CLANG_ENABLE_OBJC_ARC = YES;
				CLANG_ENABLE_OBJC_WEAK = YES;
				CLANG_WARN_BLOCK_CAPTURE_AUTORELEASING = YES;
				CLANG_WARN_BOOL_CONVERSION = YES;
				CLANG_WARN_COMMA = YES;
				CLANG_WARN_CONSTANT_CONVERSION = YES;
				CLANG_WARN_DEPRECATED_OBJC_IMPLEMENTATIONS = YES;
				CLANG_WARN_DIRECT_OBJC_ISA_USAGE = YES_ERROR;
				CLANG_WARN_DOCUMENTATION_COMMENTS = YES;
				CLANG_WARN_EMPTY_BODY = YES;
				CLANG_WARN_ENUM_CONVERSION = YES;
				CLANG_WARN_INFINITE_RECURSION = YES;
				CLANG_WARN_INT_CONVERSION = YES;
				CLANG_WARN_NON_LITERAL_NULL_CONVERSION = YES;
				CLANG_WARN_OBJC_IMPLICIT_RETAIN_SELF = YES;
				CLANG_WARN_OBJC_LITERAL_CONVERSION = YES;
				CLANG_WARN_OBJC_ROOT_CLASS = YES_ERROR;
				CLANG_WARN_QUOTED_INCLUDE_IN_FRAMEWORK_HEADER = YES;
				CLANG_WARN_RANGE_LOOP_ANALYSIS = YES;
				CLANG_WARN_STRICT_PROTOTYPES = YES;
				CLANG_WARN_SUSPICIOUS_MOVE = YES;
				CLANG_WARN_UNGUARDED_AVAILABILITY = YES_AGGRESSIVE;
				CLANG_WARN_UNREACHABLE_CODE = YES;
				CLANG_WARN__DUPLICATE_METHOD_MATCH = YES;
				COPY_PHASE_STRIP = NO;
				DEBUG_INFORMATION_FORMAT = dwarf;
				ENABLE_STRICT_OBJC_MSGSEND = YES;
				ENABLE_TESTABILITY = YES;
				ENABLE_USER_SCRIPT_SANDBOXING = YES;
				GCC_C_LANGUAGE_STANDARD = gnu17;
				GCC_DYNAMIC_NO_PIC = NO;
				GCC_NO_COMMON_BLOCKS = YES;
				GCC_OPTIMIZATION_LEVEL = 0;
				GCC_PREPROCESSOR_DEFINITIONS = (
					"DEBUG=1",
					"$(inherited)",
				);
				GCC_WARN_64_TO_32_BIT_CONVERSION = YES;
				GCC_WARN_ABOUT_RETURN_TYPE = YES_ERROR;
				GCC_WARN_UNDECLARED_SELECTOR = YES;
				GCC_WARN_UNINITIALIZED_AUTOS = YES_AGGRESSIVE;
				GCC_WARN_UNUSED_FUNCTION = YES;
				GCC_WARN_UNUSED_VARIABLE = YES;
				IPHONEOS_DEPLOYMENT_TARGET = 18.1;
				LOCALIZATION_PREFERS_STRING_CATALOGS = YES;
				MTL_ENABLE_DEBUG_INFO = INCLUDE_SOURCE;
				MTL_FAST_MATH = YES;
				ONLY_ACTIVE_ARCH = YES;
				SDKROOT = iphoneos;
				SWIFT_ACTIVE_COMPILATION_CONDITIONS = "DEBUG $(inherited)";
				SWIFT_OPTIMIZATION_LEVEL = "-Onone";
			};
			name = Debug;
		};
		086083BA2CEBBD8D000A4FFB /* Release */ = {
			isa = XCBuildConfiguration;
			buildSettings = {
				ALWAYS_SEARCH_USER_PATHS = NO;
				ASSETCATALOG_COMPILER_GENERATE_SWIFT_ASSET_SYMBOL_EXTENSIONS = YES;
				CLANG_ANALYZER_NONNULL = YES;
				CLANG_ANALYZER_NUMBER_OBJECT_CONVERSION = YES_AGGRESSIVE;
				CLANG_CXX_LANGUAGE_STANDARD = "gnu++20";
				CLANG_ENABLE_MODULES = YES;
				CLANG_ENABLE_OBJC_ARC = YES;
				CLANG_ENABLE_OBJC_WEAK = YES;
				CLANG_WARN_BLOCK_CAPTURE_AUTORELEASING = YES;
				CLANG_WARN_BOOL_CONVERSION = YES;
				CLANG_WARN_COMMA = YES;
				CLANG_WARN_CONSTANT_CONVERSION = YES;
				CLANG_WARN_DEPRECATED_OBJC_IMPLEMENTATIONS = YES;
				CLANG_WARN_DIRECT_OBJC_ISA_USAGE = YES_ERROR;
				CLANG_WARN_DOCUMENTATION_COMMENTS = YES;
				CLANG_WARN_EMPTY_BODY = YES;
				CLANG_WARN_ENUM_CONVERSION = YES;
				CLANG_WARN_INFINITE_RECURSION = YES;
				CLANG_WARN_INT_CONVERSION = YES;
				CLANG_WARN_NON_LITERAL_NULL_CONVERSION = YES;
				CLANG_WARN_OBJC_IMPLICIT_RETAIN_SELF = YES;
				CLANG_WARN_OBJC_LITERAL_CONVERSION = YES;
				CLANG_WARN_OBJC_ROOT_CLASS = YES_ERROR;
				CLANG_WARN_QUOTED_INCLUDE_IN_FRAMEWORK_HEADER = YES;
				CLANG_WARN_RANGE_LOOP_ANALYSIS = YES;
				CLANG_WARN_STRICT_PROTOTYPES = YES;
				CLANG_WARN_SUSPICIOUS_MOVE = YES;
				CLANG_WARN_UNGUARDED_AVAILABILITY = YES_AGGRESSIVE;
				CLANG_WARN_UNREACHABLE_CODE = YES;
				CLANG_WARN__DUPLICATE_METHOD_MATCH = YES;
				COPY_PHASE_STRIP = NO;
				DEBUG_INFORMATION_FORMAT = "dwarf-with-dsym";
				ENABLE_NS_ASSERTIONS = NO;
				ENABLE_STRICT_OBJC_MSGSEND = YES;
				ENABLE_USER_SCRIPT_SANDBOXING = YES;
				GCC_C_LANGUAGE_STANDARD = gnu17;
				GCC_NO_COMMON_BLOCKS = YES;
				GCC_WARN_64_TO_32_BIT_CONVERSION = YES;
				GCC_WARN_ABOUT_RETURN_TYPE = YES_ERROR;
				GCC_WARN_UNDECLARED_SELECTOR = YES;
				GCC_WARN_UNINITIALIZED_AUTOS = YES_AGGRESSIVE;
				GCC_WARN_UNUSED_FUNCTION = YES;
				GCC_WARN_UNUSED_VARIABLE = YES;
				IPHONEOS_DEPLOYMENT_TARGET = 18.1;
				LOCALIZATION_PREFERS_STRING_CATALOGS = YES;
				MTL_ENABLE_DEBUG_INFO = NO;
				MTL_FAST_MATH = YES;
				SDKROOT = iphoneos;
				SWIFT_COMPILATION_MODE = wholemodule;
				VALIDATE_PRODUCT = YES;
			};
			name = Release;
		};
/* End XCBuildConfiguration section */

/* Begin XCConfigurationList section */
		0860839B2CEBBD8A000A4FFB /* Build configuration list for PBXProject "Bosta_Task" */ = {
			isa = XCConfigurationList;
			buildConfigurations = (
				086083B92CEBBD8D000A4FFB /* Debug */,
				086083BA2CEBBD8D000A4FFB /* Release */,
			);
			defaultConfigurationIsVisible = 0;
			defaultConfigurationName = Release;
		};
		086083B62CEBBD8D000A4FFB /* Build configuration list for PBXNativeTarget "Bosta_Task" */ = {
			isa = XCConfigurationList;
			buildConfigurations = (
				086083B72CEBBD8D000A4FFB /* Debug */,
				086083B82CEBBD8D000A4FFB /* Release */,
			);
			defaultConfigurationIsVisible = 0;
			defaultConfigurationName = Release;
		};
/* End XCConfigurationList section */

/* Begin XCRemoteSwiftPackageReference section */
		084768CB2CEBE3DC00898F26 /* XCRemoteSwiftPackageReference "Moya" */ = {
			isa = XCRemoteSwiftPackageReference;
			repositoryURL = "https://github.com/Moya/Moya";
			requirement = {
				kind = upToNextMajorVersion;
				minimumVersion = 15.0.3;
			};
		};
		084768E32CEC27C500898F26 /* XCRemoteSwiftPackageReference "CombineCocoa" */ = {
			isa = XCRemoteSwiftPackageReference;
			repositoryURL = "https://github.com/CombineCommunity/CombineCocoa.git";
			requirement = {
				kind = upToNextMajorVersion;
				minimumVersion = 0.4.1;
			};
		};
		08E46EAE2CED2CA900900F66 /* XCRemoteSwiftPackageReference "Kingfisher" */ = {
			isa = XCRemoteSwiftPackageReference;
			repositoryURL = "https://github.com/onevcat/Kingfisher.git";
			requirement = {
				kind = upToNextMajorVersion;
				minimumVersion = 8.1.1;
			};
		};
/* End XCRemoteSwiftPackageReference section */

/* Begin XCSwiftPackageProductDependency section */
		084768CC2CEBE3DC00898F26 /* Moya */ = {
			isa = XCSwiftPackageProductDependency;
			package = 084768CB2CEBE3DC00898F26 /* XCRemoteSwiftPackageReference "Moya" */;
			productName = Moya;
		};
		084768CE2CEBE4A700898F26 /* CombineMoya */ = {
			isa = XCSwiftPackageProductDependency;
			package = 084768CB2CEBE3DC00898F26 /* XCRemoteSwiftPackageReference "Moya" */;
			productName = CombineMoya;
		};
		084768E42CEC27C500898F26 /* CombineCocoa */ = {
			isa = XCSwiftPackageProductDependency;
			package = 084768E32CEC27C500898F26 /* XCRemoteSwiftPackageReference "CombineCocoa" */;
			productName = CombineCocoa;
		};
		08E46EAF2CED2CA900900F66 /* Kingfisher */ = {
			isa = XCSwiftPackageProductDependency;
			package = 08E46EAE2CED2CA900900F66 /* XCRemoteSwiftPackageReference "Kingfisher" */;
			productName = Kingfisher;
		};
/* End XCSwiftPackageProductDependency section */
	};
	rootObject = 086083982CEBBD8A000A4FFB /* Project object */;
}
